{
  "nodes": {
    "backlight": {
      "inputs": {
        "nixpkgs": [
          "nixpkgs-unstable"
        ]
      },
      "locked": {
        "lastModified": 1712096880,
        "narHash": "sha256-Z2xQ5xlzmcTMP4RgPYW68RxJ1qg1kPMjHzVqRsqrbpU=",
        "owner": "obreitwi",
        "repo": "backlight",
        "rev": "e202ad81bd18e65e266bc1977751b2d5135af071",
        "type": "github"
      },
      "original": {
        "owner": "obreitwi",
        "repo": "backlight",
        "type": "github"
      }
    },
    "blobdrop": {
      "inputs": {
        "nixpkgs": [
          "nixpkgs-unstable"
        ]
      },
      "locked": {
        "lastModified": 1711399363,
        "narHash": "sha256-fddPfOHpcBACAUL7XGl7yFxQP0ZkYYb9Lmtcatw1dXQ=",
        "owner": "vimpostor",
        "repo": "blobdrop",
        "rev": "dea22ddbe04e72c600524838d3d0f4b8169c85ad",
        "type": "github"
      },
      "original": {
        "owner": "vimpostor",
        "repo": "blobdrop",
        "type": "github"
      }
    },
    "dot-desktop": {
      "flake": false,
      "locked": {
        "lastModified": 1711305889,
        "narHash": "sha256-i68TUIjg6dc1XKYU9Pv73Ynjj58EfmvnqQ5Rr9SVZec=",
        "owner": "obreitwi",
        "repo": "dotfiles_desktop",
        "rev": "67c364ab5cdafe38496feb61c0d264cab64c7689",
        "type": "github"
      },
      "original": {
        "owner": "obreitwi",
        "repo": "dotfiles_desktop",
        "type": "github"
      }
    },
    "dot-vim": {
      "flake": false,
      "locked": {
        "lastModified": 1712086651,
        "narHash": "sha256-a9xC2ojr2oJXkAK0mcfBxr+08hTh0tkZwAB8wS0UcMc=",
        "owner": "obreitwi",
        "repo": "dot_vim",
        "rev": "8162d14a617924859d3ed0d7b6c7b6e5822e50b4",
        "type": "github"
      },
      "original": {
        "owner": "obreitwi",
        "repo": "dot_vim",
        "type": "github"
      }
    },
    "home-manager": {
      "inputs": {
        "nixpkgs": [
          "nixpkgs"
        ]
      },
      "locked": {
        "lastModified": 1710888565,
        "narHash": "sha256-s9Hi4RHhc6yut4EcYD50sZWRDKsugBJHSbON8KFwoTw=",
        "owner": "nix-community",
        "repo": "home-manager",
        "rev": "f33900124c23c4eca5831b9b5eb32ea5894375ce",
        "type": "github"
      },
      "original": {
        "owner": "nix-community",
        "ref": "release-23.11",
        "repo": "home-manager",
        "type": "github"
      }
    },
    "nixpkgs": {
      "locked": {
        "lastModified": 1711668574,
        "narHash": "sha256-u1dfs0ASQIEr1icTVrsKwg2xToIpn7ZXxW3RHfHxshg=",
        "owner": "NixOS",
        "repo": "nixpkgs",
        "rev": "219951b495fc2eac67b1456824cc1ec1fd2ee659",
        "type": "github"
      },
      "original": {
        "owner": "NixOS",
        "ref": "nixos-23.11",
        "repo": "nixpkgs",
        "type": "github"
      }
    },
    "nixpkgs-unstable": {
      "locked": {
        "lastModified": 1712096884,
        "narHash": "sha256-Rsb8WyXaxrC6mIXmBrNooFSUyA9ClEJPQaPfn54CNwQ=",
        "owner": "NixOS",
        "repo": "nixpkgs",
        "rev": "d9bb2c0160b723f18c4c70110792d337a16be4a4",
        "type": "github"
      },
      "original": {
        "owner": "NixOS",
        "ref": "master",
        "repo": "nixpkgs",
        "type": "github"
      }
    },
    "pydemx": {
      "flake": false,
      "locked": {
        "lastModified": 1710202729,
        "narHash": "sha256-YLpWlXmQQZMVvnlebaCuK8wxNc8j6Il2Readtts14OA=",
        "owner": "obreitwi",
        "repo": "pydemx",
        "rev": "c8a50d7c1ad134f6b1757762e2f3f477f3e7d151",
        "type": "github"
      },
      "original": {
        "owner": "obreitwi",
        "repo": "pydemx",
        "type": "github"
      }
    },
    "root": {
      "inputs": {
        "backlight": "backlight",
        "blobdrop": "blobdrop",
        "dot-desktop": "dot-desktop",
        "dot-vim": "dot-vim",
        "home-manager": "home-manager",
        "nixpkgs": "nixpkgs",
        "nixpkgs-unstable": "nixpkgs-unstable",
        "pydemx": "pydemx"
      }
    }
  },
  "root": "root",
  "version": 7
}
