{
  "nodes": {
    "backlight": {
      "inputs": {
        "nixpkgs": [
          "nixpkgs-unstable"
        ]
      },
      "locked": {
        "lastModified": 1712096880,
        "narHash": "sha256-Z2xQ5xlzmcTMP4RgPYW68RxJ1qg1kPMjHzVqRsqrbpU=",
        "owner": "obreitwi",
        "repo": "backlight",
        "rev": "e202ad81bd18e65e266bc1977751b2d5135af071",
        "type": "github"
      },
      "original": {
        "owner": "obreitwi",
        "repo": "backlight",
        "type": "github"
      }
    },
    "blobdrop": {
      "inputs": {
        "nixpkgs": [
          "nixpkgs-unstable"
        ]
      },
      "locked": {
        "lastModified": 1711399363,
        "narHash": "sha256-fddPfOHpcBACAUL7XGl7yFxQP0ZkYYb9Lmtcatw1dXQ=",
        "owner": "vimpostor",
        "repo": "blobdrop",
        "rev": "dea22ddbe04e72c600524838d3d0f4b8169c85ad",
        "type": "github"
      },
      "original": {
        "owner": "vimpostor",
        "repo": "blobdrop",
        "type": "github"
      }
    },
    "dot-desktop": {
      "flake": false,
      "locked": {
        "lastModified": 1712405304,
        "narHash": "sha256-9MA2zKRnWxJ2x3l9ADq9xwpxiAeEQStJHK1PbewWC6U=",
        "owner": "obreitwi",
        "repo": "dotfiles_desktop",
        "rev": "00e3418bf1c4cf9c58afefbb50727ddd90e16fc7",
        "type": "github"
      },
      "original": {
        "owner": "obreitwi",
        "repo": "dotfiles_desktop",
        "type": "github"
      }
    },
    "dot-vim": {
      "flake": false,
      "locked": {
        "lastModified": 1712098086,
        "narHash": "sha256-R9HiSZEsm0cA9kQFkj871YLvDHpDmMkZGSs6sl0V6yQ=",
        "owner": "obreitwi",
        "repo": "dot_vim",
        "rev": "e3963fa035b8e4ab87a2d8785d4ebb215634400e",
        "type": "github"
      },
      "original": {
        "owner": "obreitwi",
        "repo": "dot_vim",
        "type": "github"
      }
    },
    "home-manager": {
      "inputs": {
        "nixpkgs": [
          "nixpkgs"
        ]
      },
      "locked": {
        "lastModified": 1712386041,
        "narHash": "sha256-dA82pOMQNnCJMAsPG7AXG35VmCSMZsJHTFlTHizpKWQ=",
        "owner": "nix-community",
        "repo": "home-manager",
        "rev": "d6bb9f934f2870e5cbc5b94c79e9db22246141ff",
        "type": "github"
      },
      "original": {
        "owner": "nix-community",
        "ref": "release-23.11",
        "repo": "home-manager",
        "type": "github"
      }
    },
    "nixpkgs": {
      "locked": {
        "lastModified": 1712310679,
        "narHash": "sha256-XgC/a/giEeNkhme/AV1ToipoZ/IVm1MV2ntiK4Tm+pw=",
        "owner": "NixOS",
        "repo": "nixpkgs",
        "rev": "72da83d9515b43550436891f538ff41d68eecc7f",
        "type": "github"
      },
      "original": {
        "owner": "NixOS",
        "ref": "nixos-23.11",
        "repo": "nixpkgs",
        "type": "github"
      }
    },
    "nixpkgs-unstable": {
      "locked": {
        "lastModified": 1712405381,
        "narHash": "sha256-cQar39b7FNNNJE6SKgE5nNA0lnt90Y2R2YjcaYAo8dg=",
        "owner": "NixOS",
        "repo": "nixpkgs",
        "rev": "e806fb4f5c65161115e98d2659e2af254db47331",
        "type": "github"
      },
      "original": {
        "owner": "NixOS",
        "ref": "master",
        "repo": "nixpkgs",
        "type": "github"
      }
    },
    "pydemx": {
      "flake": false,
      "locked": {
        "lastModified": 1710202729,
        "narHash": "sha256-YLpWlXmQQZMVvnlebaCuK8wxNc8j6Il2Readtts14OA=",
        "owner": "obreitwi",
        "repo": "pydemx",
        "rev": "c8a50d7c1ad134f6b1757762e2f3f477f3e7d151",
        "type": "github"
      },
      "original": {
        "owner": "obreitwi",
        "repo": "pydemx",
        "type": "github"
      }
    },
    "root": {
      "inputs": {
        "backlight": "backlight",
        "blobdrop": "blobdrop",
        "dot-desktop": "dot-desktop",
        "dot-vim": "dot-vim",
        "home-manager": "home-manager",
        "nixpkgs": "nixpkgs",
        "nixpkgs-unstable": "nixpkgs-unstable",
        "pydemx": "pydemx"
      }
    }
  },
  "root": "root",
  "version": 7
}
