{
  "nodes": {
    "advisory-db": {
      "flake": false,
      "locked": {
        "lastModified": 1714183630,
        "narHash": "sha256-1BVft7ggSN2XXFeXQjazU3jN9wVECd9qp2mZx/8GDMk=",
        "owner": "rustsec",
        "repo": "advisory-db",
        "rev": "35e7459a331d3e0c585e56dabd03006b9b354088",
        "type": "github"
      },
      "original": {
        "owner": "rustsec",
        "repo": "advisory-db",
        "type": "github"
      }
    },
    "advisory-db_2": {
      "flake": false,
      "locked": {
        "lastModified": 1714183630,
        "narHash": "sha256-1BVft7ggSN2XXFeXQjazU3jN9wVECd9qp2mZx/8GDMk=",
        "owner": "rustsec",
        "repo": "advisory-db",
        "rev": "35e7459a331d3e0c585e56dabd03006b9b354088",
        "type": "github"
      },
      "original": {
        "owner": "rustsec",
        "repo": "advisory-db",
        "type": "github"
      }
    },
    "asfa": {
      "inputs": {
        "advisory-db": "advisory-db",
        "crane": "crane",
        "fenix": "fenix",
        "flake-utils": "flake-utils",
        "nixpkgs": [
          "nixpkgs"
        ]
      },
      "locked": {
        "lastModified": 1715122184,
        "narHash": "sha256-+7q86hwFktPWt4tesbDxZi4UWnkS/tN2NbYXD0ZSEOc=",
        "owner": "obreitwi",
        "repo": "asfa",
        "rev": "524d72bc272055bcf5672631954e81188a19dcee",
        "type": "github"
      },
      "original": {
        "owner": "obreitwi",
        "repo": "asfa",
        "type": "github"
      }
    },
    "backlight": {
      "inputs": {
        "nixpkgs": [
          "nixpkgs"
        ]
      },
      "locked": {
        "lastModified": 1712096880,
        "narHash": "sha256-Z2xQ5xlzmcTMP4RgPYW68RxJ1qg1kPMjHzVqRsqrbpU=",
        "owner": "obreitwi",
        "repo": "backlight",
        "rev": "e202ad81bd18e65e266bc1977751b2d5135af071",
        "type": "github"
      },
      "original": {
        "owner": "obreitwi",
        "repo": "backlight",
        "type": "github"
      }
    },
    "blobdrop": {
      "inputs": {
        "nixpkgs": [
          "nixpkgs"
        ]
      },
      "locked": {
        "lastModified": 1713132050,
        "narHash": "sha256-+yicnNHbCFDZVAosIerocRM82DakqtBp6xChUg0oVAs=",
        "owner": "vimpostor",
        "repo": "blobdrop",
        "rev": "a51770a81eb785f8ca6edbeb7a19c6933e3a476c",
        "type": "github"
      },
      "original": {
        "owner": "vimpostor",
        "repo": "blobdrop",
        "type": "github"
      }
    },
    "crane": {
      "inputs": {
        "nixpkgs": [
          "asfa",
          "nixpkgs"
        ]
      },
      "locked": {
        "lastModified": 1714864355,
        "narHash": "sha256-uXNW6bapWFfkYIkK1EagydSrFMqycOYEDSq75GmUpjk=",
        "owner": "ipetkov",
        "repo": "crane",
        "rev": "442a7a6152f49b907e73206dc8e1f46a61e8e873",
        "type": "github"
      },
      "original": {
        "owner": "ipetkov",
        "repo": "crane",
        "type": "github"
      }
    },
    "crane_2": {
      "inputs": {
        "nixpkgs": [
          "revcli",
          "nixpkgs"
        ]
      },
      "locked": {
        "lastModified": 1714536327,
        "narHash": "sha256-zu4+LcygJwdyFHunTMeDFltBZ9+hoWvR/1A7IEy7ChA=",
        "owner": "ipetkov",
        "repo": "crane",
        "rev": "3124551aebd8db15d4560716d4f903bd44c64e4a",
        "type": "github"
      },
      "original": {
        "owner": "ipetkov",
        "repo": "crane",
        "type": "github"
      }
    },
    "dot-desktop": {
      "flake": false,
      "locked": {
        "lastModified": 1714946711,
        "narHash": "sha256-GSL3bkh1MLs7bmmAL4jS5atXsIimUpnGIAwzmeObJas=",
        "owner": "obreitwi",
        "repo": "dotfiles_desktop",
        "rev": "69a272165f3a46895fde2e396baaf49e3fbcee60",
        "type": "github"
      },
      "original": {
        "owner": "obreitwi",
        "repo": "dotfiles_desktop",
        "type": "github"
      }
    },
    "dot-vim": {
      "flake": false,
      "locked": {
        "lastModified": 1715762707,
        "narHash": "sha256-mEmVSGrTKv9pWR8Yz214gT3eCdAzLpkSbhPpUlS4mwY=",
        "owner": "obreitwi",
        "repo": "dot_vim",
        "rev": "32aad358784fd361942ce8362a1422fed0568671",
        "type": "github"
      },
      "original": {
        "owner": "obreitwi",
        "repo": "dot_vim",
        "type": "github"
      }
    },
    "dot-zsh": {
      "flake": false,
      "locked": {
        "lastModified": 1716551334,
        "narHash": "sha256-YSAxr4NcVUbPESU2dYcWXei+pwhHF1eGhJBGcJMzGss=",
        "owner": "obreitwi",
        "repo": "dot_zsh",
        "rev": "c1372b8c206dd9e11a43f606774a92a5c3ada0f0",
        "type": "github"
      },
      "original": {
        "owner": "obreitwi",
        "repo": "dot_zsh",
        "type": "github"
      }
    },
    "fenix": {
      "inputs": {
        "nixpkgs": [
          "asfa",
          "nixpkgs"
        ],
        "rust-analyzer-src": [
          "asfa"
        ]
      },
      "locked": {
        "lastModified": 1715063087,
        "narHash": "sha256-cktPkcCmJ2sR0V/FaWEuCWmKuGPbwoMltih/EfF0mXg=",
        "owner": "nix-community",
        "repo": "fenix",
        "rev": "f8f16c1f2c83bea4e51e6522d988ec8bfcc8420e",
        "type": "github"
      },
      "original": {
        "owner": "nix-community",
        "repo": "fenix",
        "type": "github"
      }
    },
    "fenix_2": {
      "inputs": {
        "nixpkgs": [
          "revcli",
          "nixpkgs"
        ],
        "rust-analyzer-src": [
          "revcli"
        ]
      },
      "locked": {
        "lastModified": 1714631076,
        "narHash": "sha256-at4+1R9gx3CGvX0ZJo9GwDZyt3RzOft7qDCTsYHjI4M=",
        "owner": "nix-community",
        "repo": "fenix",
        "rev": "22a9eb3f20dd340d084cee4426f386a90b1351ca",
        "type": "github"
      },
      "original": {
        "owner": "nix-community",
        "repo": "fenix",
        "type": "github"
      }
    },
    "flake-compat": {
      "flake": false,
      "locked": {
        "lastModified": 1641205782,
        "narHash": "sha256-4jY7RCWUoZ9cKD8co0/4tFARpWB+57+r1bLLvXNJliY=",
        "owner": "edolstra",
        "repo": "flake-compat",
        "rev": "b7547d3eed6f32d06102ead8991ec52ab0a4f1a7",
        "type": "github"
      },
      "original": {
        "owner": "edolstra",
        "repo": "flake-compat",
        "type": "github"
      }
    },
    "flake-compat_2": {
      "flake": false,
      "locked": {
        "lastModified": 1641205782,
        "narHash": "sha256-4jY7RCWUoZ9cKD8co0/4tFARpWB+57+r1bLLvXNJliY=",
        "owner": "edolstra",
        "repo": "flake-compat",
        "rev": "b7547d3eed6f32d06102ead8991ec52ab0a4f1a7",
        "type": "github"
      },
      "original": {
        "owner": "edolstra",
        "repo": "flake-compat",
        "type": "github"
      }
    },
    "flake-utils": {
      "inputs": {
        "systems": "systems"
      },
      "locked": {
        "lastModified": 1710146030,
        "narHash": "sha256-SZ5L6eA7HJ/nmkzGG7/ISclqe6oZdOZTNoesiInkXPQ=",
        "owner": "numtide",
        "repo": "flake-utils",
        "rev": "b1d9ab70662946ef0850d488da1c9019f3a9752a",
        "type": "github"
      },
      "original": {
        "owner": "numtide",
        "repo": "flake-utils",
        "type": "github"
      }
    },
    "flake-utils_2": {
      "inputs": {
        "systems": "systems_2"
      },
      "locked": {
        "lastModified": 1710146030,
        "narHash": "sha256-SZ5L6eA7HJ/nmkzGG7/ISclqe6oZdOZTNoesiInkXPQ=",
        "owner": "numtide",
        "repo": "flake-utils",
        "rev": "b1d9ab70662946ef0850d488da1c9019f3a9752a",
        "type": "github"
      },
      "original": {
        "owner": "numtide",
        "repo": "flake-utils",
        "type": "github"
      }
    },
    "flake-utils_3": {
      "locked": {
        "lastModified": 1644229661,
        "narHash": "sha256-1YdnJAsNy69bpcjuoKdOYQX0YxZBiCYZo4Twxerqv7k=",
        "owner": "numtide",
        "repo": "flake-utils",
        "rev": "3cecb5b042f7f209c56ffd8371b2711a290ec797",
        "type": "github"
      },
      "original": {
        "owner": "numtide",
        "repo": "flake-utils",
        "type": "github"
      }
    },
    "flake-utils_4": {
      "locked": {
        "lastModified": 1644229661,
        "narHash": "sha256-1YdnJAsNy69bpcjuoKdOYQX0YxZBiCYZo4Twxerqv7k=",
        "owner": "numtide",
        "repo": "flake-utils",
        "rev": "3cecb5b042f7f209c56ffd8371b2711a290ec797",
        "type": "github"
      },
      "original": {
        "owner": "numtide",
        "repo": "flake-utils",
        "type": "github"
      }
    },
    "flake-utils_5": {
      "inputs": {
        "systems": "systems_3"
      },
      "locked": {
        "lastModified": 1710146030,
        "narHash": "sha256-SZ5L6eA7HJ/nmkzGG7/ISclqe6oZdOZTNoesiInkXPQ=",
        "owner": "numtide",
        "repo": "flake-utils",
        "rev": "b1d9ab70662946ef0850d488da1c9019f3a9752a",
        "type": "github"
      },
      "original": {
        "owner": "numtide",
        "repo": "flake-utils",
        "type": "github"
      }
    },
    "home-manager": {
      "inputs": {
        "nixpkgs": [
          "nixpkgs"
        ]
      },
      "locked": {
        "lastModified": 1716457508,
        "narHash": "sha256-ZxzffLuWRyuMrkVVq7wastNUqeO0HJL9xqfY1QsYaqo=",
        "owner": "nix-community",
        "repo": "home-manager",
        "rev": "850cb322046ef1a268449cf1ceda5fd24d930b05",
        "type": "github"
      },
      "original": {
        "owner": "nix-community",
        "ref": "master",
        "repo": "home-manager",
        "type": "github"
      }
    },
    "neorg": {
      "flake": false,
      "locked": {
        "lastModified": 1716309850,
        "narHash": "sha256-+RHdAr3b78dQoNrZQiymX8b4CvkmSfpJz7IagbO+Nc0=",
        "owner": "nvim-neorg",
        "repo": "neorg",
        "rev": "b923599d0428357a2fce16503da56075f61954fb",
        "type": "github"
      },
      "original": {
        "owner": "nvim-neorg",
        "repo": "neorg",
        "type": "github"
      }
    },
    "neorg-overlay": {
      "inputs": {
        "flake-utils": "flake-utils_2",
        "neorg": "neorg",
        "neorg-telescope": "neorg-telescope",
        "nixpkgs": [
          "nixpkgs"
        ],
        "norg": "norg",
        "norg-meta": "norg-meta"
      },
      "locked": {
        "lastModified": 1716415947,
        "narHash": "sha256-YUNyf93oPX/EwdRS8b3s/uZpoJWSxnJO+civBEdWI7s=",
        "owner": "nvim-neorg",
        "repo": "nixpkgs-neorg-overlay",
        "rev": "9cd674e84518c3735bad84a4276a7b7f435baae7",
        "type": "github"
      },
      "original": {
        "owner": "nvim-neorg",
        "repo": "nixpkgs-neorg-overlay",
        "type": "github"
      }
    },
    "neorg-telescope": {
      "flake": false,
      "locked": {
        "lastModified": 1716308299,
        "narHash": "sha256-zR+r57qnfJ0V1EtsN+gyfHYTTI0I5i/GtjoAYvVmH5Y=",
        "owner": "nvim-neorg",
        "repo": "neorg-telescope",
        "rev": "6069bf428fac56f8c028864eb1bf8beb668fca09",
        "type": "github"
      },
      "original": {
        "owner": "nvim-neorg",
        "repo": "neorg-telescope",
        "type": "github"
      }
    },
    "nix-index-database": {
      "inputs": {
        "nixpkgs": [
          "nixpkgs"
        ]
      },
      "locked": {
        "lastModified": 1716170277,
        "narHash": "sha256-fCAiox/TuzWGVaAz16PxrR4Jtf9lN5dwWL2W74DS0yI=",
        "owner": "nix-community",
        "repo": "nix-index-database",
        "rev": "e0638db3db43b582512a7de8c0f8363a162842b9",
        "type": "github"
      },
      "original": {
        "owner": "nix-community",
        "repo": "nix-index-database",
        "type": "github"
      }
    },
    "nixpkgs": {
      "locked": {
        "lastModified": 1644486793,
        "narHash": "sha256-EeijR4guVHgVv+JpOX3cQO+1XdrkJfGmiJ9XVsVU530=",
        "owner": "NixOS",
        "repo": "nixpkgs",
        "rev": "1882c6b7368fd284ad01b0a5b5601ef136321292",
        "type": "github"
      },
      "original": {
        "owner": "NixOS",
        "ref": "nixpkgs-unstable",
        "repo": "nixpkgs",
        "type": "github"
      }
    },
    "nixpkgs_2": {
      "locked": {
        "lastModified": 1644486793,
        "narHash": "sha256-EeijR4guVHgVv+JpOX3cQO+1XdrkJfGmiJ9XVsVU530=",
        "owner": "NixOS",
        "repo": "nixpkgs",
        "rev": "1882c6b7368fd284ad01b0a5b5601ef136321292",
        "type": "github"
      },
      "original": {
        "owner": "NixOS",
        "ref": "nixpkgs-unstable",
        "repo": "nixpkgs",
        "type": "github"
      }
    },
    "nixpkgs_3": {
      "locked": {
        "lastModified": 1716358718,
        "narHash": "sha256-NQbegJb2ZZnAqp2EJhWwTf6DrZXSpA6xZCEq+RGV1r0=",
        "owner": "NixOS",
        "repo": "nixpkgs",
        "rev": "3f316d2a50699a78afe5e77ca486ad553169061e",
        "type": "github"
      },
      "original": {
        "owner": "NixOS",
        "ref": "nixpkgs-unstable",
        "repo": "nixpkgs",
        "type": "github"
      }
    },
    "norg": {
      "inputs": {
        "flake-compat": "flake-compat",
        "flake-utils": "flake-utils_3",
        "nixpkgs": "nixpkgs"
      },
      "locked": {
        "lastModified": 1672582520,
        "narHash": "sha256-kv3UiJUqMSF1qd3r4OCWomVTHTYjwX/EBRWm8mOSdwg=",
        "owner": "nvim-neorg",
        "repo": "tree-sitter-norg",
        "rev": "d7a466e182a532065a559dbfc7a847271d5e9c29",
        "type": "github"
      },
      "original": {
        "owner": "nvim-neorg",
        "ref": "dev",
        "repo": "tree-sitter-norg",
        "type": "github"
      }
    },
    "norg-meta": {
      "inputs": {
        "flake-compat": "flake-compat_2",
        "flake-utils": "flake-utils_4",
        "nixpkgs": "nixpkgs_2"
      },
      "locked": {
        "lastModified": 1713028366,
        "narHash": "sha256-8qSdwHlfnjFuQF4zNdLtU2/tzDRhDZbo9K54Xxgn5+8=",
        "owner": "nvim-neorg",
        "repo": "tree-sitter-norg-meta",
        "rev": "6f0510cc516a3af3396a682fbd6655486c2c9d2d",
        "type": "github"
      },
      "original": {
        "owner": "nvim-neorg",
        "repo": "tree-sitter-norg-meta",
        "type": "github"
      }
    },
    "pydemx": {
      "flake": false,
      "locked": {
        "lastModified": 1710202729,
        "narHash": "sha256-YLpWlXmQQZMVvnlebaCuK8wxNc8j6Il2Readtts14OA=",
        "owner": "obreitwi",
        "repo": "pydemx",
        "rev": "c8a50d7c1ad134f6b1757762e2f3f477f3e7d151",
        "type": "github"
      },
      "original": {
        "owner": "obreitwi",
        "repo": "pydemx",
        "type": "github"
      }
    },
    "revcli": {
      "inputs": {
        "advisory-db": "advisory-db_2",
        "crane": "crane_2",
        "fenix": "fenix_2",
        "flake-utils": "flake-utils_5",
        "nixpkgs": [
          "nixpkgs"
        ]
      },
      "locked": {
        "lastModified": 1714775699,
        "narHash": "sha256-oYzG9zcuhG4VJoMjn58SI/U+8a/jfalTDLO9qhlJuWQ=",
        "ref": "refs/heads/main",
        "rev": "1ad31586fbbb32150e02849764c586e1584bca3b",
        "revCount": 414,
        "type": "git",
        "url": "ssh://git@github.com/obreitwi/rev-cli-rs"
      },
      "original": {
        "type": "git",
        "url": "ssh://git@github.com/obreitwi/rev-cli-rs"
      }
    },
    "root": {
      "inputs": {
        "asfa": "asfa",
        "backlight": "backlight",
        "blobdrop": "blobdrop",
        "dot-desktop": "dot-desktop",
        "dot-vim": "dot-vim",
        "dot-zsh": "dot-zsh",
        "home-manager": "home-manager",
        "neorg-overlay": "neorg-overlay",
        "nix-index-database": "nix-index-database",
        "nixpkgs": "nixpkgs_3",
        "pydemx": "pydemx",
        "revcli": "revcli"
      }
    },
    "systems": {
      "locked": {
        "lastModified": 1681028828,
        "narHash": "sha256-Vy1rq5AaRuLzOxct8nz4T6wlgyUR7zLU309k9mBC768=",
        "owner": "nix-systems",
        "repo": "default",
        "rev": "da67096a3b9bf56a91d16901293e51ba5b49a27e",
        "type": "github"
      },
      "original": {
        "owner": "nix-systems",
        "repo": "default",
        "type": "github"
      }
    },
    "systems_2": {
      "locked": {
        "lastModified": 1681028828,
        "narHash": "sha256-Vy1rq5AaRuLzOxct8nz4T6wlgyUR7zLU309k9mBC768=",
        "owner": "nix-systems",
        "repo": "default",
        "rev": "da67096a3b9bf56a91d16901293e51ba5b49a27e",
        "type": "github"
      },
      "original": {
        "owner": "nix-systems",
        "repo": "default",
        "type": "github"
      }
    },
    "systems_3": {
      "locked": {
        "lastModified": 1681028828,
        "narHash": "sha256-Vy1rq5AaRuLzOxct8nz4T6wlgyUR7zLU309k9mBC768=",
        "owner": "nix-systems",
        "repo": "default",
        "rev": "da67096a3b9bf56a91d16901293e51ba5b49a27e",
        "type": "github"
      },
      "original": {
        "owner": "nix-systems",
        "repo": "default",
        "type": "github"
      }
    }
  },
  "root": "root",
  "version": 7
}
