{
  "nodes": {
    "backlight": {
      "inputs": {
        "nixpkgs": "nixpkgs"
      },
      "locked": {
        "lastModified": 1711401250,
        "narHash": "sha256-FuOmbg1SiwSsw7ZegLM/OiXrbxoVwev9OCSpt4dcaCw=",
        "owner": "obreitwi",
        "repo": "backlight",
        "rev": "07085a696ecd294e51ce83ec7d9039825ff1a193",
        "type": "github"
      },
      "original": {
        "owner": "obreitwi",
        "repo": "backlight",
        "type": "github"
      }
    },
    "dot-desktop": {
      "flake": false,
      "locked": {
        "lastModified": 1711305889,
        "narHash": "sha256-i68TUIjg6dc1XKYU9Pv73Ynjj58EfmvnqQ5Rr9SVZec=",
        "owner": "obreitwi",
        "repo": "dotfiles_desktop",
        "rev": "67c364ab5cdafe38496feb61c0d264cab64c7689",
        "type": "github"
      },
      "original": {
        "owner": "obreitwi",
        "repo": "dotfiles_desktop",
        "type": "github"
      }
    },
    "home-manager": {
      "inputs": {
        "nixpkgs": [
          "nixpkgs"
        ]
      },
      "locked": {
        "lastModified": 1710888565,
        "narHash": "sha256-s9Hi4RHhc6yut4EcYD50sZWRDKsugBJHSbON8KFwoTw=",
        "owner": "nix-community",
        "repo": "home-manager",
        "rev": "f33900124c23c4eca5831b9b5eb32ea5894375ce",
        "type": "github"
      },
      "original": {
        "owner": "nix-community",
        "ref": "release-23.11",
        "repo": "home-manager",
        "type": "github"
      }
    },
    "nixpkgs": {
      "locked": {
        "lastModified": 1711124224,
        "narHash": "sha256-l0zlN/3CiodvWDtfBOVxeTwYSRz93muVbXWSpaMjXxM=",
        "owner": "NixOS",
        "repo": "nixpkgs",
        "rev": "56528ee42526794d413d6f244648aaee4a7b56c0",
        "type": "github"
      },
      "original": {
        "owner": "NixOS",
        "ref": "nixos-23.11",
        "repo": "nixpkgs",
        "type": "github"
      }
    },
    "nixpkgs-unstable": {
      "locked": {
        "lastModified": 1711534918,
        "narHash": "sha256-OEwXQn2MLnrtHd5p2OsMcjMWDg9hBmpvOFUtQ5FiXjM=",
        "owner": "NixOS",
        "repo": "nixpkgs",
        "rev": "0a8eead0410014371a5f3ec683c6601a7bfd6422",
        "type": "github"
      },
      "original": {
        "owner": "NixOS",
        "ref": "master",
        "repo": "nixpkgs",
        "type": "github"
      }
    },
    "nixpkgs_2": {
      "locked": {
        "lastModified": 1711124224,
        "narHash": "sha256-l0zlN/3CiodvWDtfBOVxeTwYSRz93muVbXWSpaMjXxM=",
        "owner": "NixOS",
        "repo": "nixpkgs",
        "rev": "56528ee42526794d413d6f244648aaee4a7b56c0",
        "type": "github"
      },
      "original": {
        "owner": "NixOS",
        "ref": "nixos-23.11",
        "repo": "nixpkgs",
        "type": "github"
      }
    },
    "pydemx": {
      "flake": false,
      "locked": {
        "lastModified": 1710202729,
        "narHash": "sha256-YLpWlXmQQZMVvnlebaCuK8wxNc8j6Il2Readtts14OA=",
        "owner": "obreitwi",
        "repo": "pydemx",
        "rev": "c8a50d7c1ad134f6b1757762e2f3f477f3e7d151",
        "type": "github"
      },
      "original": {
        "owner": "obreitwi",
        "repo": "pydemx",
        "type": "github"
      }
    },
    "root": {
      "inputs": {
        "backlight": "backlight",
        "dot-desktop": "dot-desktop",
        "home-manager": "home-manager",
        "nixpkgs": "nixpkgs_2",
        "nixpkgs-unstable": "nixpkgs-unstable",
        "pydemx": "pydemx"
      }
    }
  },
  "root": "root",
  "version": 7
}
