{
  "nodes": {
    "dot-desktop": {
      "flake": false,
      "locked": {
        "lastModified": 1711203126,
        "narHash": "sha256-A4wGJZz+YCgcxq3Aj+ABZ3gmBet0Di5d426RtaKrcGE=",
        "owner": "obreitwi",
        "repo": "dotfiles_desktop",
        "rev": "047a7ef02b474e74ce69697d8aa838f1e3182114",
        "type": "github"
      },
      "original": {
        "owner": "obreitwi",
        "repo": "dotfiles_desktop",
        "type": "github"
      }
    },
    "home-manager": {
      "inputs": {
        "nixpkgs": [
          "nixpkgs"
        ]
      },
      "locked": {
        "lastModified": 1710888565,
        "narHash": "sha256-s9Hi4RHhc6yut4EcYD50sZWRDKsugBJHSbON8KFwoTw=",
        "owner": "nix-community",
        "repo": "home-manager",
        "rev": "f33900124c23c4eca5831b9b5eb32ea5894375ce",
        "type": "github"
      },
      "original": {
        "owner": "nix-community",
        "ref": "release-23.11",
        "repo": "home-manager",
        "type": "github"
      }
    },
    "nixpkgs": {
      "locked": {
        "lastModified": 1711124224,
        "narHash": "sha256-l0zlN/3CiodvWDtfBOVxeTwYSRz93muVbXWSpaMjXxM=",
        "owner": "NixOS",
        "repo": "nixpkgs",
        "rev": "56528ee42526794d413d6f244648aaee4a7b56c0",
        "type": "github"
      },
      "original": {
        "owner": "NixOS",
        "ref": "nixos-23.11",
        "repo": "nixpkgs",
        "type": "github"
      }
    },
    "nixpkgs-unstable": {
      "locked": {
        "lastModified": 1711202792,
        "narHash": "sha256-xsqxKJCpF0LW6nwH4iW3KPxniMPBIdXxwf/ZMX78Zvs=",
        "owner": "NixOS",
        "repo": "nixpkgs",
        "rev": "da1f0924c219895425a9e856324f7a7d07b1ec64",
        "type": "github"
      },
      "original": {
        "owner": "NixOS",
        "ref": "master",
        "repo": "nixpkgs",
        "type": "github"
      }
    },
    "pydemx": {
      "flake": false,
      "locked": {
        "lastModified": 1710202729,
        "narHash": "sha256-YLpWlXmQQZMVvnlebaCuK8wxNc8j6Il2Readtts14OA=",
        "owner": "obreitwi",
        "repo": "pydemx",
        "rev": "c8a50d7c1ad134f6b1757762e2f3f477f3e7d151",
        "type": "github"
      },
      "original": {
        "owner": "obreitwi",
        "repo": "pydemx",
        "type": "github"
      }
    },
    "root": {
      "inputs": {
        "dot-desktop": "dot-desktop",
        "home-manager": "home-manager",
        "nixpkgs": "nixpkgs",
        "nixpkgs-unstable": "nixpkgs-unstable",
        "pydemx": "pydemx"
      }
    }
  },
  "root": "root",
  "version": 7
}
