{
  "nodes": {
    "dot-desktop": {
      "flake": false,
      "locked": {
        "lastModified": 1711305889,
        "narHash": "sha256-i68TUIjg6dc1XKYU9Pv73Ynjj58EfmvnqQ5Rr9SVZec=",
        "owner": "obreitwi",
        "repo": "dotfiles_desktop",
        "rev": "67c364ab5cdafe38496feb61c0d264cab64c7689",
        "type": "github"
      },
      "original": {
        "owner": "obreitwi",
        "repo": "dotfiles_desktop",
        "type": "github"
      }
    },
    "home-manager": {
      "inputs": {
        "nixpkgs": [
          "nixpkgs"
        ]
      },
      "locked": {
        "lastModified": 1710888565,
        "narHash": "sha256-s9Hi4RHhc6yut4EcYD50sZWRDKsugBJHSbON8KFwoTw=",
        "owner": "nix-community",
        "repo": "home-manager",
        "rev": "f33900124c23c4eca5831b9b5eb32ea5894375ce",
        "type": "github"
      },
      "original": {
        "owner": "nix-community",
        "ref": "release-23.11",
        "repo": "home-manager",
        "type": "github"
      }
    },
    "nixpkgs": {
      "locked": {
        "lastModified": 1711124224,
        "narHash": "sha256-l0zlN/3CiodvWDtfBOVxeTwYSRz93muVbXWSpaMjXxM=",
        "owner": "NixOS",
        "repo": "nixpkgs",
        "rev": "56528ee42526794d413d6f244648aaee4a7b56c0",
        "type": "github"
      },
      "original": {
        "owner": "NixOS",
        "ref": "nixos-23.11",
        "repo": "nixpkgs",
        "type": "github"
      }
    },
    "nixpkgs-unstable": {
      "locked": {
        "lastModified": 1711306028,
        "narHash": "sha256-y4puI9HYIC7PcJs3fDbvx7MKPtm7fUYamHwufH0x4A0=",
        "owner": "NixOS",
        "repo": "nixpkgs",
        "rev": "d048d25f7cdb27cae11daa24816cb7019ac677e6",
        "type": "github"
      },
      "original": {
        "owner": "NixOS",
        "ref": "master",
        "repo": "nixpkgs",
        "type": "github"
      }
    },
    "pydemx": {
      "flake": false,
      "locked": {
        "lastModified": 1710202729,
        "narHash": "sha256-YLpWlXmQQZMVvnlebaCuK8wxNc8j6Il2Readtts14OA=",
        "owner": "obreitwi",
        "repo": "pydemx",
        "rev": "c8a50d7c1ad134f6b1757762e2f3f477f3e7d151",
        "type": "github"
      },
      "original": {
        "owner": "obreitwi",
        "repo": "pydemx",
        "type": "github"
      }
    },
    "root": {
      "inputs": {
        "dot-desktop": "dot-desktop",
        "home-manager": "home-manager",
        "nixpkgs": "nixpkgs",
        "nixpkgs-unstable": "nixpkgs-unstable",
        "pydemx": "pydemx"
      }
    }
  },
  "root": "root",
  "version": 7
}
